
Microsoft Visual Studio Solution File, Format Version 12.00
# Visual Studio Version 17
VisualStudioVersion = 17.6.33829.357
MinimumVisualStudioVersion = 10.0.40219.1
Project("{FAE04EC0-301F-11D3-BF4B-00C04F79EFBC}") = "c# tính điểm trung bình mới", "c# tính điểm trung bình mới\c# tính điểm trung bình mới.csproj", "{9791B64C-C79F-4458-B088-8360C5AA64A4}"
EndProject
Global
	GlobalSection(SolutionConfigurationPlatforms) = preSolution
		Debug|Any CPU = Debug|Any CPU
		Release|Any CPU = Release|Any CPU
	EndGlobalSection
	GlobalSection(ProjectConfigurationPlatforms) = postSolution
		{9791B64C-C79F-4458-B088-8360C5AA64A4}.Debug|Any CPU.ActiveCfg = Debug|Any CPU
		{9791B64C-C79F-4458-B088-8360C5AA64A4}.Debug|Any CPU.Build.0 = Debug|Any CPU
		{9791B64C-C79F-4458-B088-8360C5AA64A4}.Release|Any CPU.ActiveCfg = Release|Any CPU
		{9791B64C-C79F-4458-B088-8360C5AA64A4}.Release|Any CPU.Build.0 = Release|Any CPU
	EndGlobalSection
	GlobalSection(SolutionProperties) = preSolution
		HideSolutionNode = FALSE
	EndGlobalSection
	GlobalSection(ExtensibilityGlobals) = postSolution
		SolutionGuid = {E9948922-A097-4D2F-A5D3-FAA990664BA4}
	EndGlobalSection
EndGlobal
